
Microsoft Visual Studio Solution File, Format Version 12.00
# Visual Studio Version 16
VisualStudioVersion = 16.0.30907.101
MinimumVisualStudioVersion = 10.0.40219.1
Project("{FAE04EC0-301F-11D3-BF4B-00C04F79EFBC}") = "HarbourControl", "HarbourControl\HarbourControl.csproj", "{92A8A8CD-51B3-489C-96EF-26C25E1B5DC6}"
EndProject
Global
	GlobalSection(SolutionConfigurationPlatforms) = preSolution
		Debug|Any CPU = Debug|Any CPU
		Release|Any CPU = Release|Any CPU
	EndGlobalSection
	GlobalSection(ProjectConfigurationPlatforms) = postSolution
		{92A8A8CD-51B3-489C-96EF-26C25E1B5DC6}.Debug|Any CPU.ActiveCfg = Debug|Any CPU
		{92A8A8CD-51B3-489C-96EF-26C25E1B5DC6}.Debug|Any CPU.Build.0 = Debug|Any CPU
		{92A8A8CD-51B3-489C-96EF-26C25E1B5DC6}.Release|Any CPU.ActiveCfg = Release|Any CPU
		{92A8A8CD-51B3-489C-96EF-26C25E1B5DC6}.Release|Any CPU.Build.0 = Release|Any CPU
	EndGlobalSection
	GlobalSection(SolutionProperties) = preSolution
		HideSolutionNode = FALSE
	EndGlobalSection
	GlobalSection(ExtensibilityGlobals) = postSolution
		SolutionGuid = {61F4308B-D4FF-4AB4-9112-E57D0E55BDE0}
	EndGlobalSection
EndGlobal
